
Microsoft Visual Studio Solution File, Format Version 12.00
# Visual Studio Version 17
VisualStudioVersion = 17.1.32210.238
MinimumVisualStudioVersion = 10.0.40219.1
Project("{FAE04EC0-301F-11D3-BF4B-00C04F79EFBC}") = "ECommerce", "ECommerce\ECommerce.csproj", "{37B89758-6F17-4956-8CD8-FC7F0119AB53}"
EndProject
Global
	GlobalSection(SolutionConfigurationPlatforms) = preSolution
		Debug|Any CPU = Debug|Any CPU
		Release|Any CPU = Release|Any CPU
	EndGlobalSection
	GlobalSection(ProjectConfigurationPlatforms) = postSolution
		{37B89758-6F17-4956-8CD8-FC7F0119AB53}.Debug|Any CPU.ActiveCfg = Debug|Any CPU
		{37B89758-6F17-4956-8CD8-FC7F0119AB53}.Debug|Any CPU.Build.0 = Debug|Any CPU
		{37B89758-6F17-4956-8CD8-FC7F0119AB53}.Release|Any CPU.ActiveCfg = Release|Any CPU
		{37B89758-6F17-4956-8CD8-FC7F0119AB53}.Release|Any CPU.Build.0 = Release|Any CPU
	EndGlobalSection
	GlobalSection(SolutionProperties) = preSolution
		HideSolutionNode = FALSE
	EndGlobalSection
	GlobalSection(ExtensibilityGlobals) = postSolution
		SolutionGuid = {5A209D26-7569-4919-9220-C06BC00F0A4B}
	EndGlobalSection
EndGlobal
